{
  "name": "03",
  "version": "1.0.0",
  "lockfileVersion": 2,
  "requires": true,
  "packages": {
    "": {
      "version": "1.0.0",
      "license": "ISC",
      "dependencies": {
        "litepicker": "^2.0.11"
      }
    },
    "node_modules/litepicker": {
      "version": "2.0.11",
      "resolved": "https://registry.npmjs.org/litepicker/-/litepicker-2.0.11.tgz",
      "integrity": "sha512-7MECMp2EDGIYDIz9QT24t9hWpgBD9JD57ZdDrbffNMGfbw0JVhBhvlYsyaIUuYhywtLvgmI5lfulM7XF2HLEkg=="
    }
  },
  "dependencies": {
    "litepicker": {
      "version": "2.0.11",
      "resolved": "https://registry.npmjs.org/litepicker/-/litepicker-2.0.11.tgz",
      "integrity": "sha512-7MECMp2EDGIYDIz9QT24t9hWpgBD9JD57ZdDrbffNMGfbw0JVhBhvlYsyaIUuYhywtLvgmI5lfulM7XF2HLEkg=="
    }
  }
}
